
Microsoft Visual Studio Solution File, Format Version 12.00
# Visual Studio 15
VisualStudioVersion = 15.0.27130.2003
MinimumVisualStudioVersion = 10.0.40219.1
Project("{8BC9CEB8-8B4A-11D0-8D11-00A0C91BC942}") = "01-第一个项目", "01-第一个项目\01-第一个项目.vcxproj", "{7BD91621-314A-486E-BFE2-291159F5F208}"
EndProject
Project("{8BC9CEB8-8B4A-11D0-8D11-00A0C91BC942}") = "02-编程联系", "02-编程联系\02-编程联系.vcxproj", "{1F6D7F9F-AFC6-4F7D-8853-C1CC77C2BF96}"
EndProject
Project("{8BC9CEB8-8B4A-11D0-8D11-00A0C91BC942}") = "03-变量", "03-变量\03-变量.vcxproj", "{372BB49E-A22C-4EC9-A96C-2FC8E1168DD8}"
EndProject
Project("{8BC9CEB8-8B4A-11D0-8D11-00A0C91BC942}") = "04-整型", "04-整型\04-整型.vcxproj", "{17EAB317-7510-46DF-AC40-0DBB4BBB2E21}"
EndProject
Project("{8BC9CEB8-8B4A-11D0-8D11-00A0C91BC942}") = "05-字符（基本类型）", "05-字符（基本类型）\05-字符（基本类型）.vcxproj", "{51BB71C0-6089-4547-AA17-42E253FDE0ED}"
EndProject
Project("{8BC9CEB8-8B4A-11D0-8D11-00A0C91BC942}") = "06-布尔类型（基本类型）", "06-布尔类型（基本类型）\06-布尔类型（基本类型）.vcxproj", "{A2193E68-AC96-479D-820B-C66A91A3D8D4}"
EndProject
Project("{8BC9CEB8-8B4A-11D0-8D11-00A0C91BC942}") = "07-浮点类型（基本类型）", "07-浮点类型（基本类型）\07-浮点类型（基本类型）.vcxproj", "{BF730E97-B36B-4A5E-A5C3-CD08C0D149AB}"
EndProject
Project("{8BC9CEB8-8B4A-11D0-8D11-00A0C91BC942}") = "08-算术运算符", "08-算术运算符\08-算术运算符.vcxproj", "{36BA8D6D-D85E-4512-AC9C-0E966B485794}"
EndProject
Project("{8BC9CEB8-8B4A-11D0-8D11-00A0C91BC942}") = "09-类型转换", "09-类型转换\09-类型转换.vcxproj", "{99E3B11A-6B02-4672-9066-BA35F1DBB0A4}"
EndProject
Project("{8BC9CEB8-8B4A-11D0-8D11-00A0C91BC942}") = "10-编程练习", "10-编程练习\10-编程练习.vcxproj", "{4396F710-686C-412F-A900-76146FFF7C46}"
EndProject
Project("{8BC9CEB8-8B4A-11D0-8D11-00A0C91BC942}") = "11-数组", "11-数组\11-数组.vcxproj", "{E41AECFB-9331-4D7B-B05F-2F6F2CFE833A}"
EndProject
Project("{8BC9CEB8-8B4A-11D0-8D11-00A0C91BC942}") = "12-字符串", "12-字符串\12-字符串.vcxproj", "{F5F197E3-C797-426C-B2B4-E9DD7EE81C89}"
EndProject
Project("{8BC9CEB8-8B4A-11D0-8D11-00A0C91BC942}") = "13-字符串基于string", "13-字符串基于string\13-字符串基于string.vcxproj", "{264B1E19-C9BB-4976-825E-FE6041BD00C6}"
EndProject
Project("{8BC9CEB8-8B4A-11D0-8D11-00A0C91BC942}") = "14-结构体", "14-结构体\14-结构体.vcxproj", "{7C11214A-F465-4035-9C5A-BE9639C41FC2}"
EndProject
Project("{8BC9CEB8-8B4A-11D0-8D11-00A0C91BC942}") = "15-枚举类型", "15-枚举类型\15-枚举类型.vcxproj", "{E7334AFA-AD16-447D-AFFB-93C30C80971E}"
EndProject
Project("{8BC9CEB8-8B4A-11D0-8D11-00A0C91BC942}") = "16-指针", "16-指针\16-指针.vcxproj", "{127CCE0B-F396-4C90-A4E4-6291956A8887}"
EndProject
Project("{8BC9CEB8-8B4A-11D0-8D11-00A0C91BC942}") = "17-指针和数组", "17-指针和数组\17-指针和数组.vcxproj", "{BE7714F3-8CEB-4363-93D1-F910C22EA93C}"
EndProject
Project("{8BC9CEB8-8B4A-11D0-8D11-00A0C91BC942}") = "18-数组的第三种实现方式", "18-数组的第三种实现方式\18-数组的第三种实现方式.vcxproj", "{79F42369-FE45-4EA2-B3F8-76E4BEFAD2A4}"
EndProject
Project("{8BC9CEB8-8B4A-11D0-8D11-00A0C91BC942}") = "19-编程练习", "19-编程练习\19-编程练习.vcxproj", "{B7EEC393-F49E-4ABE-80AB-AC52A3076189}"
EndProject
Project("{8BC9CEB8-8B4A-11D0-8D11-00A0C91BC942}") = "20-编程练习2", "20-编程练习2\20-编程练习2.vcxproj", "{BFAF4933-E965-42D7-95AB-2DFA46F6B356}"
EndProject
Project("{8BC9CEB8-8B4A-11D0-8D11-00A0C91BC942}") = "21-for", "21-for\21-for.vcxproj", "{34BA6BB8-4367-4376-8950-4634BFE10A60}"
EndProject
Project("{8BC9CEB8-8B4A-11D0-8D11-00A0C91BC942}") = "22-组合赋值运算符和关系运算符", "22-组合赋值运算符和关系运算符\22-组合赋值运算符和关系运算符.vcxproj", "{4E45DF09-A67F-4107-9B1D-DB9363B09353}"
EndProject
Project("{8BC9CEB8-8B4A-11D0-8D11-00A0C91BC942}") = "23-while循环", "23-while循环\23-while循环.vcxproj", "{203BA16F-B8BE-4ADE-B682-40A4BDA3F1E3}"
EndProject
Project("{8BC9CEB8-8B4A-11D0-8D11-00A0C91BC942}") = "24-类型别名", "24-类型别名\24-类型别名.vcxproj", "{B79585FF-AF0C-4B1E-AF30-81E3FF7FC88F}"
EndProject
Project("{8BC9CEB8-8B4A-11D0-8D11-00A0C91BC942}") = "25-do while循环", "26-do while循环\26-do while循环.vcxproj", "{18537093-D11B-4AB7-B9AD-500E130A5AD7}"
EndProject
Project("{8BC9CEB8-8B4A-11D0-8D11-00A0C91BC942}") = "26-二维数组", "26-二维数组\26-二维数组.vcxproj", "{5092D7A0-F85E-4A7E-922B-D6A840787E46}"
EndProject
Project("{8BC9CEB8-8B4A-11D0-8D11-00A0C91BC942}") = "27-编程练习", "27-编程练习\27-编程练习.vcxproj", "{9653D253-D4C4-40FB-9E86-A4C11DDF5B32}"
EndProject
Project("{8BC9CEB8-8B4A-11D0-8D11-00A0C91BC942}") = "28-if语句（分支语句）", "28-if\28-if.vcxproj", "{970F5AC9-8A6B-42D7-96D4-836E29599F46}"
EndProject
Project("{8BC9CEB8-8B4A-11D0-8D11-00A0C91BC942}") = "29-逻辑表达式（逻辑运算符）", "29-逻辑表达式（逻辑运算符）\29-逻辑表达式（逻辑运算符）.vcxproj", "{62223BD1-A699-4B92-A84F-283A85CF1ADA}"
EndProject
Project("{8BC9CEB8-8B4A-11D0-8D11-00A0C91BC942}") = "30-switch语句", "30-switch语句\30-switch语句.vcxproj", "{961BE054-D341-48A7-8D0B-2CDDAD3D82A3}"
EndProject
Project("{8BC9CEB8-8B4A-11D0-8D11-00A0C91BC942}") = "31-break和continue语句", "31-break和continue语句\31-break和continue语句.vcxproj", "{6FA67DA0-14C0-48E4-9326-0E92A9A9F856}"
EndProject
Project("{8BC9CEB8-8B4A-11D0-8D11-00A0C91BC942}") = "32-编程练习题", "32-编程练习题\32-编程练习题.vcxproj", "{D6C7EB8D-EE21-4983-8504-9D6A5A62FAFB}"
EndProject
Global
	GlobalSection(SolutionConfigurationPlatforms) = preSolution
		Debug|x64 = Debug|x64
		Debug|x86 = Debug|x86
		Release|x64 = Release|x64
		Release|x86 = Release|x86
	EndGlobalSection
	GlobalSection(ProjectConfigurationPlatforms) = postSolution
		{7BD91621-314A-486E-BFE2-291159F5F208}.Debug|x64.ActiveCfg = Debug|x64
		{7BD91621-314A-486E-BFE2-291159F5F208}.Debug|x64.Build.0 = Debug|x64
		{7BD91621-314A-486E-BFE2-291159F5F208}.Debug|x86.ActiveCfg = Debug|Win32
		{7BD91621-314A-486E-BFE2-291159F5F208}.Debug|x86.Build.0 = Debug|Win32
		{7BD91621-314A-486E-BFE2-291159F5F208}.Release|x64.ActiveCfg = Release|x64
		{7BD91621-314A-486E-BFE2-291159F5F208}.Release|x64.Build.0 = Release|x64
		{7BD91621-314A-486E-BFE2-291159F5F208}.Release|x86.ActiveCfg = Release|Win32
		{7BD91621-314A-486E-BFE2-291159F5F208}.Release|x86.Build.0 = Release|Win32
		{1F6D7F9F-AFC6-4F7D-8853-C1CC77C2BF96}.Debug|x64.ActiveCfg = Debug|x64
		{1F6D7F9F-AFC6-4F7D-8853-C1CC77C2BF96}.Debug|x64.Build.0 = Debug|x64
		{1F6D7F9F-AFC6-4F7D-8853-C1CC77C2BF96}.Debug|x86.ActiveCfg = Debug|Win32
		{1F6D7F9F-AFC6-4F7D-8853-C1CC77C2BF96}.Debug|x86.Build.0 = Debug|Win32
		{1F6D7F9F-AFC6-4F7D-8853-C1CC77C2BF96}.Release|x64.ActiveCfg = Release|x64
		{1F6D7F9F-AFC6-4F7D-8853-C1CC77C2BF96}.Release|x64.Build.0 = Release|x64
		{1F6D7F9F-AFC6-4F7D-8853-C1CC77C2BF96}.Release|x86.ActiveCfg = Release|Win32
		{1F6D7F9F-AFC6-4F7D-8853-C1CC77C2BF96}.Release|x86.Build.0 = Release|Win32
		{372BB49E-A22C-4EC9-A96C-2FC8E1168DD8}.Debug|x64.ActiveCfg = Debug|x64
		{372BB49E-A22C-4EC9-A96C-2FC8E1168DD8}.Debug|x64.Build.0 = Debug|x64
		{372BB49E-A22C-4EC9-A96C-2FC8E1168DD8}.Debug|x86.ActiveCfg = Debug|Win32
		{372BB49E-A22C-4EC9-A96C-2FC8E1168DD8}.Debug|x86.Build.0 = Debug|Win32
		{372BB49E-A22C-4EC9-A96C-2FC8E1168DD8}.Release|x64.ActiveCfg = Release|x64
		{372BB49E-A22C-4EC9-A96C-2FC8E1168DD8}.Release|x64.Build.0 = Release|x64
		{372BB49E-A22C-4EC9-A96C-2FC8E1168DD8}.Release|x86.ActiveCfg = Release|Win32
		{372BB49E-A22C-4EC9-A96C-2FC8E1168DD8}.Release|x86.Build.0 = Release|Win32
		{17EAB317-7510-46DF-AC40-0DBB4BBB2E21}.Debug|x64.ActiveCfg = Debug|x64
		{17EAB317-7510-46DF-AC40-0DBB4BBB2E21}.Debug|x64.Build.0 = Debug|x64
		{17EAB317-7510-46DF-AC40-0DBB4BBB2E21}.Debug|x86.ActiveCfg = Debug|Win32
		{17EAB317-7510-46DF-AC40-0DBB4BBB2E21}.Debug|x86.Build.0 = Debug|Win32
		{17EAB317-7510-46DF-AC40-0DBB4BBB2E21}.Release|x64.ActiveCfg = Release|x64
		{17EAB317-7510-46DF-AC40-0DBB4BBB2E21}.Release|x64.Build.0 = Release|x64
		{17EAB317-7510-46DF-AC40-0DBB4BBB2E21}.Release|x86.ActiveCfg = Release|Win32
		{17EAB317-7510-46DF-AC40-0DBB4BBB2E21}.Release|x86.Build.0 = Release|Win32
		{51BB71C0-6089-4547-AA17-42E253FDE0ED}.Debug|x64.ActiveCfg = Debug|x64
		{51BB71C0-6089-4547-AA17-42E253FDE0ED}.Debug|x64.Build.0 = Debug|x64
		{51BB71C0-6089-4547-AA17-42E253FDE0ED}.Debug|x86.ActiveCfg = Debug|Win32
		{51BB71C0-6089-4547-AA17-42E253FDE0ED}.Debug|x86.Build.0 = Debug|Win32
		{51BB71C0-6089-4547-AA17-42E253FDE0ED}.Release|x64.ActiveCfg = Release|x64
		{51BB71C0-6089-4547-AA17-42E253FDE0ED}.Release|x64.Build.0 = Release|x64
		{51BB71C0-6089-4547-AA17-42E253FDE0ED}.Release|x86.ActiveCfg = Release|Win32
		{51BB71C0-6089-4547-AA17-42E253FDE0ED}.Release|x86.Build.0 = Release|Win32
		{A2193E68-AC96-479D-820B-C66A91A3D8D4}.Debug|x64.ActiveCfg = Debug|x64
		{A2193E68-AC96-479D-820B-C66A91A3D8D4}.Debug|x64.Build.0 = Debug|x64
		{A2193E68-AC96-479D-820B-C66A91A3D8D4}.Debug|x86.ActiveCfg = Debug|Win32
		{A2193E68-AC96-479D-820B-C66A91A3D8D4}.Debug|x86.Build.0 = Debug|Win32
		{A2193E68-AC96-479D-820B-C66A91A3D8D4}.Release|x64.ActiveCfg = Release|x64
		{A2193E68-AC96-479D-820B-C66A91A3D8D4}.Release|x64.Build.0 = Release|x64
		{A2193E68-AC96-479D-820B-C66A91A3D8D4}.Release|x86.ActiveCfg = Release|Win32
		{A2193E68-AC96-479D-820B-C66A91A3D8D4}.Release|x86.Build.0 = Release|Win32
		{BF730E97-B36B-4A5E-A5C3-CD08C0D149AB}.Debug|x64.ActiveCfg = Debug|x64
		{BF730E97-B36B-4A5E-A5C3-CD08C0D149AB}.Debug|x64.Build.0 = Debug|x64
		{BF730E97-B36B-4A5E-A5C3-CD08C0D149AB}.Debug|x86.ActiveCfg = Debug|Win32
		{BF730E97-B36B-4A5E-A5C3-CD08C0D149AB}.Debug|x86.Build.0 = Debug|Win32
		{BF730E97-B36B-4A5E-A5C3-CD08C0D149AB}.Release|x64.ActiveCfg = Release|x64
		{BF730E97-B36B-4A5E-A5C3-CD08C0D149AB}.Release|x64.Build.0 = Release|x64
		{BF730E97-B36B-4A5E-A5C3-CD08C0D149AB}.Release|x86.ActiveCfg = Release|Win32
		{BF730E97-B36B-4A5E-A5C3-CD08C0D149AB}.Release|x86.Build.0 = Release|Win32
		{36BA8D6D-D85E-4512-AC9C-0E966B485794}.Debug|x64.ActiveCfg = Debug|x64
		{36BA8D6D-D85E-4512-AC9C-0E966B485794}.Debug|x64.Build.0 = Debug|x64
		{36BA8D6D-D85E-4512-AC9C-0E966B485794}.Debug|x86.ActiveCfg = Debug|Win32
		{36BA8D6D-D85E-4512-AC9C-0E966B485794}.Debug|x86.Build.0 = Debug|Win32
		{36BA8D6D-D85E-4512-AC9C-0E966B485794}.Release|x64.ActiveCfg = Release|x64
		{36BA8D6D-D85E-4512-AC9C-0E966B485794}.Release|x64.Build.0 = Release|x64
		{36BA8D6D-D85E-4512-AC9C-0E966B485794}.Release|x86.ActiveCfg = Release|Win32
		{36BA8D6D-D85E-4512-AC9C-0E966B485794}.Release|x86.Build.0 = Release|Win32
		{99E3B11A-6B02-4672-9066-BA35F1DBB0A4}.Debug|x64.ActiveCfg = Debug|x64
		{99E3B11A-6B02-4672-9066-BA35F1DBB0A4}.Debug|x64.Build.0 = Debug|x64
		{99E3B11A-6B02-4672-9066-BA35F1DBB0A4}.Debug|x86.ActiveCfg = Debug|Win32
		{99E3B11A-6B02-4672-9066-BA35F1DBB0A4}.Debug|x86.Build.0 = Debug|Win32
		{99E3B11A-6B02-4672-9066-BA35F1DBB0A4}.Release|x64.ActiveCfg = Release|x64
		{99E3B11A-6B02-4672-9066-BA35F1DBB0A4}.Release|x64.Build.0 = Release|x64
		{99E3B11A-6B02-4672-9066-BA35F1DBB0A4}.Release|x86.ActiveCfg = Release|Win32
		{99E3B11A-6B02-4672-9066-BA35F1DBB0A4}.Release|x86.Build.0 = Release|Win32
		{4396F710-686C-412F-A900-76146FFF7C46}.Debug|x64.ActiveCfg = Debug|x64
		{4396F710-686C-412F-A900-76146FFF7C46}.Debug|x64.Build.0 = Debug|x64
		{4396F710-686C-412F-A900-76146FFF7C46}.Debug|x86.ActiveCfg = Debug|Win32
		{4396F710-686C-412F-A900-76146FFF7C46}.Debug|x86.Build.0 = Debug|Win32
		{4396F710-686C-412F-A900-76146FFF7C46}.Release|x64.ActiveCfg = Release|x64
		{4396F710-686C-412F-A900-76146FFF7C46}.Release|x64.Build.0 = Release|x64
		{4396F710-686C-412F-A900-76146FFF7C46}.Release|x86.ActiveCfg = Release|Win32
		{4396F710-686C-412F-A900-76146FFF7C46}.Release|x86.Build.0 = Release|Win32
		{E41AECFB-9331-4D7B-B05F-2F6F2CFE833A}.Debug|x64.ActiveCfg = Debug|x64
		{E41AECFB-9331-4D7B-B05F-2F6F2CFE833A}.Debug|x64.Build.0 = Debug|x64
		{E41AECFB-9331-4D7B-B05F-2F6F2CFE833A}.Debug|x86.ActiveCfg = Debug|Win32
		{E41AECFB-9331-4D7B-B05F-2F6F2CFE833A}.Debug|x86.Build.0 = Debug|Win32
		{E41AECFB-9331-4D7B-B05F-2F6F2CFE833A}.Release|x64.ActiveCfg = Release|x64
		{E41AECFB-9331-4D7B-B05F-2F6F2CFE833A}.Release|x64.Build.0 = Release|x64
		{E41AECFB-9331-4D7B-B05F-2F6F2CFE833A}.Release|x86.ActiveCfg = Release|Win32
		{E41AECFB-9331-4D7B-B05F-2F6F2CFE833A}.Release|x86.Build.0 = Release|Win32
		{F5F197E3-C797-426C-B2B4-E9DD7EE81C89}.Debug|x64.ActiveCfg = Debug|x64
		{F5F197E3-C797-426C-B2B4-E9DD7EE81C89}.Debug|x64.Build.0 = Debug|x64
		{F5F197E3-C797-426C-B2B4-E9DD7EE81C89}.Debug|x86.ActiveCfg = Debug|Win32
		{F5F197E3-C797-426C-B2B4-E9DD7EE81C89}.Debug|x86.Build.0 = Debug|Win32
		{F5F197E3-C797-426C-B2B4-E9DD7EE81C89}.Release|x64.ActiveCfg = Release|x64
		{F5F197E3-C797-426C-B2B4-E9DD7EE81C89}.Release|x64.Build.0 = Release|x64
		{F5F197E3-C797-426C-B2B4-E9DD7EE81C89}.Release|x86.ActiveCfg = Release|Win32
		{F5F197E3-C797-426C-B2B4-E9DD7EE81C89}.Release|x86.Build.0 = Release|Win32
		{264B1E19-C9BB-4976-825E-FE6041BD00C6}.Debug|x64.ActiveCfg = Debug|x64
		{264B1E19-C9BB-4976-825E-FE6041BD00C6}.Debug|x64.Build.0 = Debug|x64
		{264B1E19-C9BB-4976-825E-FE6041BD00C6}.Debug|x86.ActiveCfg = Debug|Win32
		{264B1E19-C9BB-4976-825E-FE6041BD00C6}.Debug|x86.Build.0 = Debug|Win32
		{264B1E19-C9BB-4976-825E-FE6041BD00C6}.Release|x64.ActiveCfg = Release|x64
		{264B1E19-C9BB-4976-825E-FE6041BD00C6}.Release|x64.Build.0 = Release|x64
		{264B1E19-C9BB-4976-825E-FE6041BD00C6}.Release|x86.ActiveCfg = Release|Win32
		{264B1E19-C9BB-4976-825E-FE6041BD00C6}.Release|x86.Build.0 = Release|Win32
		{7C11214A-F465-4035-9C5A-BE9639C41FC2}.Debug|x64.ActiveCfg = Debug|x64
		{7C11214A-F465-4035-9C5A-BE9639C41FC2}.Debug|x64.Build.0 = Debug|x64
		{7C11214A-F465-4035-9C5A-BE9639C41FC2}.Debug|x86.ActiveCfg = Debug|Win32
		{7C11214A-F465-4035-9C5A-BE9639C41FC2}.Debug|x86.Build.0 = Debug|Win32
		{7C11214A-F465-4035-9C5A-BE9639C41FC2}.Release|x64.ActiveCfg = Release|x64
		{7C11214A-F465-4035-9C5A-BE9639C41FC2}.Release|x64.Build.0 = Release|x64
		{7C11214A-F465-4035-9C5A-BE9639C41FC2}.Release|x86.ActiveCfg = Release|Win32
		{7C11214A-F465-4035-9C5A-BE9639C41FC2}.Release|x86.Build.0 = Release|Win32
		{E7334AFA-AD16-447D-AFFB-93C30C80971E}.Debug|x64.ActiveCfg = Debug|x64
		{E7334AFA-AD16-447D-AFFB-93C30C80971E}.Debug|x64.Build.0 = Debug|x64
		{E7334AFA-AD16-447D-AFFB-93C30C80971E}.Debug|x86.ActiveCfg = Debug|Win32
		{E7334AFA-AD16-447D-AFFB-93C30C80971E}.Debug|x86.Build.0 = Debug|Win32
		{E7334AFA-AD16-447D-AFFB-93C30C80971E}.Release|x64.ActiveCfg = Release|x64
		{E7334AFA-AD16-447D-AFFB-93C30C80971E}.Release|x64.Build.0 = Release|x64
		{E7334AFA-AD16-447D-AFFB-93C30C80971E}.Release|x86.ActiveCfg = Release|Win32
		{E7334AFA-AD16-447D-AFFB-93C30C80971E}.Release|x86.Build.0 = Release|Win32
		{127CCE0B-F396-4C90-A4E4-6291956A8887}.Debug|x64.ActiveCfg = Debug|x64
		{127CCE0B-F396-4C90-A4E4-6291956A8887}.Debug|x64.Build.0 = Debug|x64
		{127CCE0B-F396-4C90-A4E4-6291956A8887}.Debug|x86.ActiveCfg = Debug|Win32
		{127CCE0B-F396-4C90-A4E4-6291956A8887}.Debug|x86.Build.0 = Debug|Win32
		{127CCE0B-F396-4C90-A4E4-6291956A8887}.Release|x64.ActiveCfg = Release|x64
		{127CCE0B-F396-4C90-A4E4-6291956A8887}.Release|x64.Build.0 = Release|x64
		{127CCE0B-F396-4C90-A4E4-6291956A8887}.Release|x86.ActiveCfg = Release|Win32
		{127CCE0B-F396-4C90-A4E4-6291956A8887}.Release|x86.Build.0 = Release|Win32
		{BE7714F3-8CEB-4363-93D1-F910C22EA93C}.Debug|x64.ActiveCfg = Debug|x64
		{BE7714F3-8CEB-4363-93D1-F910C22EA93C}.Debug|x64.Build.0 = Debug|x64
		{BE7714F3-8CEB-4363-93D1-F910C22EA93C}.Debug|x86.ActiveCfg = Debug|Win32
		{BE7714F3-8CEB-4363-93D1-F910C22EA93C}.Debug|x86.Build.0 = Debug|Win32
		{BE7714F3-8CEB-4363-93D1-F910C22EA93C}.Release|x64.ActiveCfg = Release|x64
		{BE7714F3-8CEB-4363-93D1-F910C22EA93C}.Release|x64.Build.0 = Release|x64
		{BE7714F3-8CEB-4363-93D1-F910C22EA93C}.Release|x86.ActiveCfg = Release|Win32
		{BE7714F3-8CEB-4363-93D1-F910C22EA93C}.Release|x86.Build.0 = Release|Win32
		{79F42369-FE45-4EA2-B3F8-76E4BEFAD2A4}.Debug|x64.ActiveCfg = Debug|x64
		{79F42369-FE45-4EA2-B3F8-76E4BEFAD2A4}.Debug|x64.Build.0 = Debug|x64
		{79F42369-FE45-4EA2-B3F8-76E4BEFAD2A4}.Debug|x86.ActiveCfg = Debug|Win32
		{79F42369-FE45-4EA2-B3F8-76E4BEFAD2A4}.Debug|x86.Build.0 = Debug|Win32
		{79F42369-FE45-4EA2-B3F8-76E4BEFAD2A4}.Release|x64.ActiveCfg = Release|x64
		{79F42369-FE45-4EA2-B3F8-76E4BEFAD2A4}.Release|x64.Build.0 = Release|x64
		{79F42369-FE45-4EA2-B3F8-76E4BEFAD2A4}.Release|x86.ActiveCfg = Release|Win32
		{79F42369-FE45-4EA2-B3F8-76E4BEFAD2A4}.Release|x86.Build.0 = Release|Win32
		{B7EEC393-F49E-4ABE-80AB-AC52A3076189}.Debug|x64.ActiveCfg = Debug|x64
		{B7EEC393-F49E-4ABE-80AB-AC52A3076189}.Debug|x64.Build.0 = Debug|x64
		{B7EEC393-F49E-4ABE-80AB-AC52A3076189}.Debug|x86.ActiveCfg = Debug|Win32
		{B7EEC393-F49E-4ABE-80AB-AC52A3076189}.Debug|x86.Build.0 = Debug|Win32
		{B7EEC393-F49E-4ABE-80AB-AC52A3076189}.Release|x64.ActiveCfg = Release|x64
		{B7EEC393-F49E-4ABE-80AB-AC52A3076189}.Release|x64.Build.0 = Release|x64
		{B7EEC393-F49E-4ABE-80AB-AC52A3076189}.Release|x86.ActiveCfg = Release|Win32
		{B7EEC393-F49E-4ABE-80AB-AC52A3076189}.Release|x86.Build.0 = Release|Win32
		{BFAF4933-E965-42D7-95AB-2DFA46F6B356}.Debug|x64.ActiveCfg = Debug|x64
		{BFAF4933-E965-42D7-95AB-2DFA46F6B356}.Debug|x64.Build.0 = Debug|x64
		{BFAF4933-E965-42D7-95AB-2DFA46F6B356}.Debug|x86.ActiveCfg = Debug|Win32
		{BFAF4933-E965-42D7-95AB-2DFA46F6B356}.Debug|x86.Build.0 = Debug|Win32
		{BFAF4933-E965-42D7-95AB-2DFA46F6B356}.Release|x64.ActiveCfg = Release|x64
		{BFAF4933-E965-42D7-95AB-2DFA46F6B356}.Release|x64.Build.0 = Release|x64
		{BFAF4933-E965-42D7-95AB-2DFA46F6B356}.Release|x86.ActiveCfg = Release|Win32
		{BFAF4933-E965-42D7-95AB-2DFA46F6B356}.Release|x86.Build.0 = Release|Win32
		{34BA6BB8-4367-4376-8950-4634BFE10A60}.Debug|x64.ActiveCfg = Debug|x64
		{34BA6BB8-4367-4376-8950-4634BFE10A60}.Debug|x64.Build.0 = Debug|x64
		{34BA6BB8-4367-4376-8950-4634BFE10A60}.Debug|x86.ActiveCfg = Debug|Win32
		{34BA6BB8-4367-4376-8950-4634BFE10A60}.Debug|x86.Build.0 = Debug|Win32
		{34BA6BB8-4367-4376-8950-4634BFE10A60}.Release|x64.ActiveCfg = Release|x64
		{34BA6BB8-4367-4376-8950-4634BFE10A60}.Release|x64.Build.0 = Release|x64
		{34BA6BB8-4367-4376-8950-4634BFE10A60}.Release|x86.ActiveCfg = Release|Win32
		{34BA6BB8-4367-4376-8950-4634BFE10A60}.Release|x86.Build.0 = Release|Win32
		{4E45DF09-A67F-4107-9B1D-DB9363B09353}.Debug|x64.ActiveCfg = Debug|x64
		{4E45DF09-A67F-4107-9B1D-DB9363B09353}.Debug|x64.Build.0 = Debug|x64
		{4E45DF09-A67F-4107-9B1D-DB9363B09353}.Debug|x86.ActiveCfg = Debug|Win32
		{4E45DF09-A67F-4107-9B1D-DB9363B09353}.Debug|x86.Build.0 = Debug|Win32
		{4E45DF09-A67F-4107-9B1D-DB9363B09353}.Release|x64.ActiveCfg = Release|x64
		{4E45DF09-A67F-4107-9B1D-DB9363B09353}.Release|x64.Build.0 = Release|x64
		{4E45DF09-A67F-4107-9B1D-DB9363B09353}.Release|x86.ActiveCfg = Release|Win32
		{4E45DF09-A67F-4107-9B1D-DB9363B09353}.Release|x86.Build.0 = Release|Win32
		{203BA16F-B8BE-4ADE-B682-40A4BDA3F1E3}.Debug|x64.ActiveCfg = Debug|x64
		{203BA16F-B8BE-4ADE-B682-40A4BDA3F1E3}.Debug|x64.Build.0 = Debug|x64
		{203BA16F-B8BE-4ADE-B682-40A4BDA3F1E3}.Debug|x86.ActiveCfg = Debug|Win32
		{203BA16F-B8BE-4ADE-B682-40A4BDA3F1E3}.Debug|x86.Build.0 = Debug|Win32
		{203BA16F-B8BE-4ADE-B682-40A4BDA3F1E3}.Release|x64.ActiveCfg = Release|x64
		{203BA16F-B8BE-4ADE-B682-40A4BDA3F1E3}.Release|x64.Build.0 = Release|x64
		{203BA16F-B8BE-4ADE-B682-40A4BDA3F1E3}.Release|x86.ActiveCfg = Release|Win32
		{203BA16F-B8BE-4ADE-B682-40A4BDA3F1E3}.Release|x86.Build.0 = Release|Win32
		{B79585FF-AF0C-4B1E-AF30-81E3FF7FC88F}.Debug|x64.ActiveCfg = Debug|x64
		{B79585FF-AF0C-4B1E-AF30-81E3FF7FC88F}.Debug|x64.Build.0 = Debug|x64
		{B79585FF-AF0C-4B1E-AF30-81E3FF7FC88F}.Debug|x86.ActiveCfg = Debug|Win32
		{B79585FF-AF0C-4B1E-AF30-81E3FF7FC88F}.Debug|x86.Build.0 = Debug|Win32
		{B79585FF-AF0C-4B1E-AF30-81E3FF7FC88F}.Release|x64.ActiveCfg = Release|x64
		{B79585FF-AF0C-4B1E-AF30-81E3FF7FC88F}.Release|x64.Build.0 = Release|x64
		{B79585FF-AF0C-4B1E-AF30-81E3FF7FC88F}.Release|x86.ActiveCfg = Release|Win32
		{B79585FF-AF0C-4B1E-AF30-81E3FF7FC88F}.Release|x86.Build.0 = Release|Win32
		{18537093-D11B-4AB7-B9AD-500E130A5AD7}.Debug|x64.ActiveCfg = Debug|x64
		{18537093-D11B-4AB7-B9AD-500E130A5AD7}.Debug|x64.Build.0 = Debug|x64
		{18537093-D11B-4AB7-B9AD-500E130A5AD7}.Debug|x86.ActiveCfg = Debug|Win32
		{18537093-D11B-4AB7-B9AD-500E130A5AD7}.Debug|x86.Build.0 = Debug|Win32
		{18537093-D11B-4AB7-B9AD-500E130A5AD7}.Release|x64.ActiveCfg = Release|x64
		{18537093-D11B-4AB7-B9AD-500E130A5AD7}.Release|x64.Build.0 = Release|x64
		{18537093-D11B-4AB7-B9AD-500E130A5AD7}.Release|x86.ActiveCfg = Release|Win32
		{18537093-D11B-4AB7-B9AD-500E130A5AD7}.Release|x86.Build.0 = Release|Win32
		{5092D7A0-F85E-4A7E-922B-D6A840787E46}.Debug|x64.ActiveCfg = Debug|x64
		{5092D7A0-F85E-4A7E-922B-D6A840787E46}.Debug|x64.Build.0 = Debug|x64
		{5092D7A0-F85E-4A7E-922B-D6A840787E46}.Debug|x86.ActiveCfg = Debug|Win32
		{5092D7A0-F85E-4A7E-922B-D6A840787E46}.Debug|x86.Build.0 = Debug|Win32
		{5092D7A0-F85E-4A7E-922B-D6A840787E46}.Release|x64.ActiveCfg = Release|x64
		{5092D7A0-F85E-4A7E-922B-D6A840787E46}.Release|x64.Build.0 = Release|x64
		{5092D7A0-F85E-4A7E-922B-D6A840787E46}.Release|x86.ActiveCfg = Release|Win32
		{5092D7A0-F85E-4A7E-922B-D6A840787E46}.Release|x86.Build.0 = Release|Win32
		{9653D253-D4C4-40FB-9E86-A4C11DDF5B32}.Debug|x64.ActiveCfg = Debug|x64
		{9653D253-D4C4-40FB-9E86-A4C11DDF5B32}.Debug|x64.Build.0 = Debug|x64
		{9653D253-D4C4-40FB-9E86-A4C11DDF5B32}.Debug|x86.ActiveCfg = Debug|Win32
		{9653D253-D4C4-40FB-9E86-A4C11DDF5B32}.Debug|x86.Build.0 = Debug|Win32
		{9653D253-D4C4-40FB-9E86-A4C11DDF5B32}.Release|x64.ActiveCfg = Release|x64
		{9653D253-D4C4-40FB-9E86-A4C11DDF5B32}.Release|x64.Build.0 = Release|x64
		{9653D253-D4C4-40FB-9E86-A4C11DDF5B32}.Release|x86.ActiveCfg = Release|Win32
		{9653D253-D4C4-40FB-9E86-A4C11DDF5B32}.Release|x86.Build.0 = Release|Win32
		{970F5AC9-8A6B-42D7-96D4-836E29599F46}.Debug|x64.ActiveCfg = Debug|x64
		{970F5AC9-8A6B-42D7-96D4-836E29599F46}.Debug|x64.Build.0 = Debug|x64
		{970F5AC9-8A6B-42D7-96D4-836E29599F46}.Debug|x86.ActiveCfg = Debug|Win32
		{970F5AC9-8A6B-42D7-96D4-836E29599F46}.Debug|x86.Build.0 = Debug|Win32
		{970F5AC9-8A6B-42D7-96D4-836E29599F46}.Release|x64.ActiveCfg = Release|x64
		{970F5AC9-8A6B-42D7-96D4-836E29599F46}.Release|x64.Build.0 = Release|x64
		{970F5AC9-8A6B-42D7-96D4-836E29599F46}.Release|x86.ActiveCfg = Release|Win32
		{970F5AC9-8A6B-42D7-96D4-836E29599F46}.Release|x86.Build.0 = Release|Win32
		{62223BD1-A699-4B92-A84F-283A85CF1ADA}.Debug|x64.ActiveCfg = Debug|x64
		{62223BD1-A699-4B92-A84F-283A85CF1ADA}.Debug|x64.Build.0 = Debug|x64
		{62223BD1-A699-4B92-A84F-283A85CF1ADA}.Debug|x86.ActiveCfg = Debug|Win32
		{62223BD1-A699-4B92-A84F-283A85CF1ADA}.Debug|x86.Build.0 = Debug|Win32
		{62223BD1-A699-4B92-A84F-283A85CF1ADA}.Release|x64.ActiveCfg = Release|x64
		{62223BD1-A699-4B92-A84F-283A85CF1ADA}.Release|x64.Build.0 = Release|x64
		{62223BD1-A699-4B92-A84F-283A85CF1ADA}.Release|x86.ActiveCfg = Release|Win32
		{62223BD1-A699-4B92-A84F-283A85CF1ADA}.Release|x86.Build.0 = Release|Win32
		{961BE054-D341-48A7-8D0B-2CDDAD3D82A3}.Debug|x64.ActiveCfg = Debug|x64
		{961BE054-D341-48A7-8D0B-2CDDAD3D82A3}.Debug|x64.Build.0 = Debug|x64
		{961BE054-D341-48A7-8D0B-2CDDAD3D82A3}.Debug|x86.ActiveCfg = Debug|Win32
		{961BE054-D341-48A7-8D0B-2CDDAD3D82A3}.Debug|x86.Build.0 = Debug|Win32
		{961BE054-D341-48A7-8D0B-2CDDAD3D82A3}.Release|x64.ActiveCfg = Release|x64
		{961BE054-D341-48A7-8D0B-2CDDAD3D82A3}.Release|x64.Build.0 = Release|x64
		{961BE054-D341-48A7-8D0B-2CDDAD3D82A3}.Release|x86.ActiveCfg = Release|Win32
		{961BE054-D341-48A7-8D0B-2CDDAD3D82A3}.Release|x86.Build.0 = Release|Win32
		{6FA67DA0-14C0-48E4-9326-0E92A9A9F856}.Debug|x64.ActiveCfg = Debug|x64
		{6FA67DA0-14C0-48E4-9326-0E92A9A9F856}.Debug|x64.Build.0 = Debug|x64
		{6FA67DA0-14C0-48E4-9326-0E92A9A9F856}.Debug|x86.ActiveCfg = Debug|Win32
		{6FA67DA0-14C0-48E4-9326-0E92A9A9F856}.Debug|x86.Build.0 = Debug|Win32
		{6FA67DA0-14C0-48E4-9326-0E92A9A9F856}.Release|x64.ActiveCfg = Release|x64
		{6FA67DA0-14C0-48E4-9326-0E92A9A9F856}.Release|x64.Build.0 = Release|x64
		{6FA67DA0-14C0-48E4-9326-0E92A9A9F856}.Release|x86.ActiveCfg = Release|Win32
		{6FA67DA0-14C0-48E4-9326-0E92A9A9F856}.Release|x86.Build.0 = Release|Win32
		{D6C7EB8D-EE21-4983-8504-9D6A5A62FAFB}.Debug|x64.ActiveCfg = Debug|x64
		{D6C7EB8D-EE21-4983-8504-9D6A5A62FAFB}.Debug|x64.Build.0 = Debug|x64
		{D6C7EB8D-EE21-4983-8504-9D6A5A62FAFB}.Debug|x86.ActiveCfg = Debug|Win32
		{D6C7EB8D-EE21-4983-8504-9D6A5A62FAFB}.Debug|x86.Build.0 = Debug|Win32
		{D6C7EB8D-EE21-4983-8504-9D6A5A62FAFB}.Release|x64.ActiveCfg = Release|x64
		{D6C7EB8D-EE21-4983-8504-9D6A5A62FAFB}.Release|x64.Build.0 = Release|x64
		{D6C7EB8D-EE21-4983-8504-9D6A5A62FAFB}.Release|x86.ActiveCfg = Release|Win32
		{D6C7EB8D-EE21-4983-8504-9D6A5A62FAFB}.Release|x86.Build.0 = Release|Win32
	EndGlobalSection
	GlobalSection(SolutionProperties) = preSolution
		HideSolutionNode = FALSE
	EndGlobalSection
	GlobalSection(ExtensibilityGlobals) = postSolution
		SolutionGuid = {0C51DED6-DD2B-479F-9741-B532CE896D8E}
	EndGlobalSection
EndGlobal
